
Microsoft Visual Studio Solution File, Format Version 12.00
# Visual Studio Version 17
VisualStudioVersion = 17.5.002.0
MinimumVisualStudioVersion = 10.0.40219.1
Project("{9A19103F-16F7-4668-BE54-9A1E7A4F7556}") = "lethal_company_meteor_shower_seed_solver", "lethal_company_meteor_shower_seed_solver.csproj", "{5EF77ADE-3EE0-434D-B92B-0C7699133120}"
EndProject
Global
	GlobalSection(SolutionConfigurationPlatforms) = preSolution
		Debug|Any CPU = Debug|Any CPU
		Release|Any CPU = Release|Any CPU
	EndGlobalSection
	GlobalSection(ProjectConfigurationPlatforms) = postSolution
		{5EF77ADE-3EE0-434D-B92B-0C7699133120}.Debug|Any CPU.ActiveCfg = Debug|Any CPU
		{5EF77ADE-3EE0-434D-B92B-0C7699133120}.Debug|Any CPU.Build.0 = Debug|Any CPU
		{5EF77ADE-3EE0-434D-B92B-0C7699133120}.Release|Any CPU.ActiveCfg = Release|Any CPU
		{5EF77ADE-3EE0-434D-B92B-0C7699133120}.Release|Any CPU.Build.0 = Release|Any CPU
	EndGlobalSection
	GlobalSection(SolutionProperties) = preSolution
		HideSolutionNode = FALSE
	EndGlobalSection
	GlobalSection(ExtensibilityGlobals) = postSolution
		SolutionGuid = {0BC5395C-396E-4328-9B6A-3BB27AE53E7F}
	EndGlobalSection
EndGlobal
